
Microsoft Visual Studio Solution File, Format Version 12.00
# Visual Studio 15
Project("{FAE04EC0-301F-11D3-BF4B-00C04F79EFBC}") = "EmployeeDetail.iOS", "EmployeeDetail.iOS\EmployeeDetail.iOS.csproj", "{342F0B21-A05A-48AD-80AB-8AF77B5B8625}"
EndProject
Project("{FAE04EC0-301F-11D3-BF4B-00C04F79EFBC}") = "EmployeeDetail", "EmployeeDetail\EmployeeDetail.csproj", "{0ADA5E64-9F93-4D48-938C-B3FE51227129}"
EndProject
Project("{FAE04EC0-301F-11D3-BF4B-00C04F79EFBC}") = "iOSTest", "iOSTest\iOSTest.csproj", "{16C88C4C-9B1B-4801-BCCC-5177D0FF7C32}"
EndProject
Global
	GlobalSection(SolutionConfigurationPlatforms) = preSolution
		Debug|iPhoneSimulator = Debug|iPhoneSimulator
		Release|iPhoneSimulator = Release|iPhoneSimulator
		Debug|iPhone = Debug|iPhone
		Release|iPhone = Release|iPhone
		Ad-Hoc|iPhone = Ad-Hoc|iPhone
		AppStore|iPhone = AppStore|iPhone
		Debug|Any CPU = Debug|Any CPU
		Release|Any CPU = Release|Any CPU
	EndGlobalSection
	GlobalSection(ProjectConfigurationPlatforms) = postSolution
		{342F0B21-A05A-48AD-80AB-8AF77B5B8625}.Debug|iPhoneSimulator.ActiveCfg = Debug|iPhoneSimulator
		{342F0B21-A05A-48AD-80AB-8AF77B5B8625}.Debug|iPhoneSimulator.Build.0 = Debug|iPhoneSimulator
		{342F0B21-A05A-48AD-80AB-8AF77B5B8625}.Release|iPhoneSimulator.ActiveCfg = Release|iPhoneSimulator
		{342F0B21-A05A-48AD-80AB-8AF77B5B8625}.Release|iPhoneSimulator.Build.0 = Release|iPhoneSimulator
		{342F0B21-A05A-48AD-80AB-8AF77B5B8625}.Debug|iPhone.ActiveCfg = Debug|iPhone
		{342F0B21-A05A-48AD-80AB-8AF77B5B8625}.Debug|iPhone.Build.0 = Debug|iPhone
		{342F0B21-A05A-48AD-80AB-8AF77B5B8625}.Release|iPhone.ActiveCfg = Release|iPhone
		{342F0B21-A05A-48AD-80AB-8AF77B5B8625}.Release|iPhone.Build.0 = Release|iPhone
		{342F0B21-A05A-48AD-80AB-8AF77B5B8625}.Ad-Hoc|iPhone.ActiveCfg = Ad-Hoc|iPhone
		{342F0B21-A05A-48AD-80AB-8AF77B5B8625}.Ad-Hoc|iPhone.Build.0 = Ad-Hoc|iPhone
		{342F0B21-A05A-48AD-80AB-8AF77B5B8625}.AppStore|iPhone.ActiveCfg = AppStore|iPhone
		{342F0B21-A05A-48AD-80AB-8AF77B5B8625}.AppStore|iPhone.Build.0 = AppStore|iPhone
		{342F0B21-A05A-48AD-80AB-8AF77B5B8625}.Debug|Any CPU.ActiveCfg = Debug|iPhoneSimulator
		{342F0B21-A05A-48AD-80AB-8AF77B5B8625}.Debug|Any CPU.Build.0 = Debug|iPhoneSimulator
		{342F0B21-A05A-48AD-80AB-8AF77B5B8625}.Release|Any CPU.ActiveCfg = Release|iPhoneSimulator
		{342F0B21-A05A-48AD-80AB-8AF77B5B8625}.Release|Any CPU.Build.0 = Release|iPhoneSimulator
		{0ADA5E64-9F93-4D48-938C-B3FE51227129}.Debug|iPhoneSimulator.ActiveCfg = Debug|Any CPU
		{0ADA5E64-9F93-4D48-938C-B3FE51227129}.Debug|iPhoneSimulator.Build.0 = Debug|Any CPU
		{0ADA5E64-9F93-4D48-938C-B3FE51227129}.Release|iPhoneSimulator.ActiveCfg = Release|Any CPU
		{0ADA5E64-9F93-4D48-938C-B3FE51227129}.Release|iPhoneSimulator.Build.0 = Release|Any CPU
		{0ADA5E64-9F93-4D48-938C-B3FE51227129}.Debug|iPhone.ActiveCfg = Debug|Any CPU
		{0ADA5E64-9F93-4D48-938C-B3FE51227129}.Debug|iPhone.Build.0 = Debug|Any CPU
		{0ADA5E64-9F93-4D48-938C-B3FE51227129}.Release|iPhone.ActiveCfg = Release|Any CPU
		{0ADA5E64-9F93-4D48-938C-B3FE51227129}.Release|iPhone.Build.0 = Release|Any CPU
		{0ADA5E64-9F93-4D48-938C-B3FE51227129}.Ad-Hoc|iPhone.ActiveCfg = Release|Any CPU
		{0ADA5E64-9F93-4D48-938C-B3FE51227129}.Ad-Hoc|iPhone.Build.0 = Release|Any CPU
		{0ADA5E64-9F93-4D48-938C-B3FE51227129}.AppStore|iPhone.ActiveCfg = Release|Any CPU
		{0ADA5E64-9F93-4D48-938C-B3FE51227129}.AppStore|iPhone.Build.0 = Release|Any CPU
		{0ADA5E64-9F93-4D48-938C-B3FE51227129}.Debug|Any CPU.ActiveCfg = Debug|Any CPU
		{0ADA5E64-9F93-4D48-938C-B3FE51227129}.Debug|Any CPU.Build.0 = Debug|Any CPU
		{0ADA5E64-9F93-4D48-938C-B3FE51227129}.Release|Any CPU.ActiveCfg = Release|Any CPU
		{0ADA5E64-9F93-4D48-938C-B3FE51227129}.Release|Any CPU.Build.0 = Release|Any CPU
		{16C88C4C-9B1B-4801-BCCC-5177D0FF7C32}.Debug|iPhoneSimulator.ActiveCfg = Debug|Any CPU
		{16C88C4C-9B1B-4801-BCCC-5177D0FF7C32}.Debug|iPhoneSimulator.Build.0 = Debug|Any CPU
		{16C88C4C-9B1B-4801-BCCC-5177D0FF7C32}.Release|iPhoneSimulator.ActiveCfg = Release|Any CPU
		{16C88C4C-9B1B-4801-BCCC-5177D0FF7C32}.Release|iPhoneSimulator.Build.0 = Release|Any CPU
		{16C88C4C-9B1B-4801-BCCC-5177D0FF7C32}.Debug|iPhone.ActiveCfg = Debug|Any CPU
		{16C88C4C-9B1B-4801-BCCC-5177D0FF7C32}.Debug|iPhone.Build.0 = Debug|Any CPU
		{16C88C4C-9B1B-4801-BCCC-5177D0FF7C32}.Release|iPhone.ActiveCfg = Release|Any CPU
		{16C88C4C-9B1B-4801-BCCC-5177D0FF7C32}.Release|iPhone.Build.0 = Release|Any CPU
		{16C88C4C-9B1B-4801-BCCC-5177D0FF7C32}.Ad-Hoc|iPhone.ActiveCfg = Release|Any CPU
		{16C88C4C-9B1B-4801-BCCC-5177D0FF7C32}.Ad-Hoc|iPhone.Build.0 = Release|Any CPU
		{16C88C4C-9B1B-4801-BCCC-5177D0FF7C32}.AppStore|iPhone.ActiveCfg = Release|Any CPU
		{16C88C4C-9B1B-4801-BCCC-5177D0FF7C32}.AppStore|iPhone.Build.0 = Release|Any CPU
		{16C88C4C-9B1B-4801-BCCC-5177D0FF7C32}.Debug|Any CPU.ActiveCfg = Debug|Any CPU
		{16C88C4C-9B1B-4801-BCCC-5177D0FF7C32}.Debug|Any CPU.Build.0 = Debug|Any CPU
		{16C88C4C-9B1B-4801-BCCC-5177D0FF7C32}.Release|Any CPU.ActiveCfg = Release|Any CPU
		{16C88C4C-9B1B-4801-BCCC-5177D0FF7C32}.Release|Any CPU.Build.0 = Release|Any CPU
	EndGlobalSection
EndGlobal
